
Microsoft Visual Studio Solution File, Format Version 12.00
# Visual Studio Version 17
VisualStudioVersion = 17.0.32002.185
MinimumVisualStudioVersion = 10.0.40219.1
Project("{FAE04EC0-301F-11D3-BF4B-00C04F79EFBC}") = "Undervisning031122", "Undervisning031122.csproj", "{D4CE3AB5-386A-48EE-999D-73706341CF55}"
EndProject
Project("{FAE04EC0-301F-11D3-BF4B-00C04F79EFBC}") = "ClassLibrary4", "..\ClassLibrary4\ClassLibrary4.csproj", "{C9D465B6-7A95-407C-909D-33EFA7391829}"
EndProject
Global
	GlobalSection(SolutionConfigurationPlatforms) = preSolution
		Debug|Any CPU = Debug|Any CPU
		Release|Any CPU = Release|Any CPU
	EndGlobalSection
	GlobalSection(ProjectConfigurationPlatforms) = postSolution
		{D4CE3AB5-386A-48EE-999D-73706341CF55}.Debug|Any CPU.ActiveCfg = Debug|Any CPU
		{D4CE3AB5-386A-48EE-999D-73706341CF55}.Debug|Any CPU.Build.0 = Debug|Any CPU
		{D4CE3AB5-386A-48EE-999D-73706341CF55}.Release|Any CPU.ActiveCfg = Release|Any CPU
		{D4CE3AB5-386A-48EE-999D-73706341CF55}.Release|Any CPU.Build.0 = Release|Any CPU
		{C9D465B6-7A95-407C-909D-33EFA7391829}.Debug|Any CPU.ActiveCfg = Debug|Any CPU
		{C9D465B6-7A95-407C-909D-33EFA7391829}.Debug|Any CPU.Build.0 = Debug|Any CPU
		{C9D465B6-7A95-407C-909D-33EFA7391829}.Release|Any CPU.ActiveCfg = Release|Any CPU
		{C9D465B6-7A95-407C-909D-33EFA7391829}.Release|Any CPU.Build.0 = Release|Any CPU
	EndGlobalSection
	GlobalSection(SolutionProperties) = preSolution
		HideSolutionNode = FALSE
	EndGlobalSection
	GlobalSection(ExtensibilityGlobals) = postSolution
		SolutionGuid = {AF11B27F-C861-4B0E-A072-DE4112AB2044}
	EndGlobalSection
EndGlobal
